{
  "name": "libs",
  "version": "1.0.0",
  "lockfileVersion": 1,
  "requires": true,
  "dependencies": {
    "lodash": {
      "version": "4.17.20",
      "resolved": "http://npm.gf.com.cn:80/artifactory/api/npm/npm/lodash/-/lodash-4.17.20.tgz",
      "integrity": "sha1-tEqbYpe8tpjxxRo1RaKzs2jVnFI="
    },
    "seamless-immutable": {
      "version": "7.1.4",
      "resolved": "http://npm.gf.com.cn:80/artifactory/api/npm/npm/seamless-immutable/-/seamless-immutable-7.1.4.tgz",
      "integrity": "sha1-bpU23vCD3cTeoCB9ci4OgNDzcvg="
    }
  }
}
